
Microsoft Visual Studio Solution File, Format Version 12.00
# Visual Studio Version 17
VisualStudioVersion = 17.2.32616.157
MinimumVisualStudioVersion = 10.0.40219.1
Project("{2150E333-8FDC-42A3-9474-1A3956D46DE8}") = "src", "src", "{E81A358F-6A49-4E92-AC76-4567673CD0CC}"
EndProject
Project("{2150E333-8FDC-42A3-9474-1A3956D46DE8}") = "tests", "tests", "{7A38EE9B-44F5-4C23-AE3F-7F746CC5567C}"
EndProject
Project("{9A19103F-16F7-4668-BE54-9A1E7A4F7556}") = "MicroFocus.FAS.Adapters.Rest", "src\MicroFocus.FAS.Adapters.Rest\MicroFocus.FAS.Adapters.Rest.csproj", "{4D8C4113-5AD1-46BD-BF10-155E8EDB759D}"
EndProject
Project("{9A19103F-16F7-4668-BE54-9A1E7A4F7556}") = "MicroFocus.FAS.Adapters.Rest.Tests", "tests\MicroFocus.FAS.Adapters.Rest.Tests\MicroFocus.FAS.Adapters.Rest.Tests.csproj", "{032259E1-5AA3-4BD2-B0A5-BBF0BD7936C5}"
EndProject
Project("{2150E333-8FDC-42A3-9474-1A3956D46DE8}") = "sepg", "sepg", "{93A4A7CA-916D-4469-B07C-B9AAB88BD4A1}"
	ProjectSection(SolutionItems) = preProject
		official-build.props = official-build.props
		pom.xml = pom.xml
	EndProjectSection
EndProject
Project("{2150E333-8FDC-42A3-9474-1A3956D46DE8}") = "Solution", "Solution", "{A3D0B593-3174-4470-8ADB-4764DC4A8E8A}"
	ProjectSection(SolutionItems) = preProject
		.editorconfig = .editorconfig
		README.md = README.md
		release-notes-1.0.0.md = release-notes-1.0.0.md
	EndProjectSection
EndProject
Global
	GlobalSection(SolutionConfigurationPlatforms) = preSolution
		Debug|Any CPU = Debug|Any CPU
		Release|Any CPU = Release|Any CPU
	EndGlobalSection
	GlobalSection(ProjectConfigurationPlatforms) = postSolution
		{4D8C4113-5AD1-46BD-BF10-155E8EDB759D}.Debug|Any CPU.ActiveCfg = Debug|Any CPU
		{4D8C4113-5AD1-46BD-BF10-155E8EDB759D}.Debug|Any CPU.Build.0 = Debug|Any CPU
		{4D8C4113-5AD1-46BD-BF10-155E8EDB759D}.Release|Any CPU.ActiveCfg = Release|Any CPU
		{4D8C4113-5AD1-46BD-BF10-155E8EDB759D}.Release|Any CPU.Build.0 = Release|Any CPU
		{032259E1-5AA3-4BD2-B0A5-BBF0BD7936C5}.Debug|Any CPU.ActiveCfg = Debug|Any CPU
		{032259E1-5AA3-4BD2-B0A5-BBF0BD7936C5}.Debug|Any CPU.Build.0 = Debug|Any CPU
		{032259E1-5AA3-4BD2-B0A5-BBF0BD7936C5}.Release|Any CPU.ActiveCfg = Release|Any CPU
		{032259E1-5AA3-4BD2-B0A5-BBF0BD7936C5}.Release|Any CPU.Build.0 = Release|Any CPU
	EndGlobalSection
	GlobalSection(SolutionProperties) = preSolution
		HideSolutionNode = FALSE
	EndGlobalSection
	GlobalSection(NestedProjects) = preSolution
		{4D8C4113-5AD1-46BD-BF10-155E8EDB759D} = {E81A358F-6A49-4E92-AC76-4567673CD0CC}
		{032259E1-5AA3-4BD2-B0A5-BBF0BD7936C5} = {7A38EE9B-44F5-4C23-AE3F-7F746CC5567C}
	EndGlobalSection
	GlobalSection(ExtensibilityGlobals) = postSolution
		SolutionGuid = {B2AF1271-EE0C-44F1-9C33-31132052D8F3}
	EndGlobalSection
EndGlobal
